{
    "_readme": [
        "This file locks the dependencies of your project to a known state",
        "Read more about it at https://getcomposer.org/doc/01-basic-usage.md#installing-dependencies",
        "This file is @generated automatically"
    ],
    "content-hash": "5e2ff9f7ad4202c8b00d0edcb12acac1",
    "packages": [
        {
            "name": "liqpay/liqpay",
            "version": "dev-master",
            "source": {
                "type": "git",
                "url": "https://github.com/liqpay/sdk-php.git",
                "reference": "7e79519523e125d27047a901a8ea65b86b5e854f"
            },
            "dist": {
                "type": "zip",
                "url": "https://api.github.com/repos/liqpay/sdk-php/zipball/7e79519523e125d27047a901a8ea65b86b5e854f",
                "reference": "7e79519523e125d27047a901a8ea65b86b5e854f",
                "shasum": ""
            },
            "require": {
                "php": ">=7.0"
            },
            "require-dev": {
                "phpunit/phpunit": ">=10.4.1"
            },
            "default-branch": true,
            "type": "library",
            "autoload": {
                "classmap": [
                    "./LiqPay.php"
                ]
            },
            "notification-url": "https://packagist.org/downloads/",
            "license": [
                "OSL 3.0"
            ],
            "authors": [
                {
                    "name": "Liqpay",
                    "email": "support@liqpay.ua",
                    "homepage": "https://www.liqpay.ua/",
                    "role": "Developer"
                }
            ],
            "description": "SDK for Liqpay",
            "homepage": "https://github.com/liqpay/sdk-php",
            "keywords": [
                "checkout",
                "liqpay",
                "pay",
                "payment",
                "sdk"
            ],
            "support": {
                "issues": "https://github.com/liqpay/sdk-php/issues",
                "source": "https://github.com/liqpay/sdk-php/tree/v1.4"
            },
            "time": "2025-04-23T11:50:20+00:00"
        }
    ],
    "packages-dev": [],
    "aliases": [],
    "minimum-stability": "stable",
    "stability-flags": {
        "liqpay/liqpay": 20
    },
    "prefer-stable": false,
    "prefer-lowest": false,
    "platform": {},
    "platform-dev": {},
    "plugin-api-version": "2.6.0"
}
